<?xml version="1.0" encoding="utf-8"?>
<Project ToolsVersion="4.0" xmlns="http://schemas.microsoft.com/developer/msbuild/2003">
  <ItemGroup>
    <Filter Include="Resource Files">
      <UniqueIdentifier>{67DA6AB6-F800-4c08-8B7A-83BB121AAD01}</UniqueIdentifier>
      <Extensions>rc;ico;cur;bmp;dlg;rc2;rct;bin;rgs;gif;jpg;jpeg;jpe;resx;tiff;tif;png;wav;mfcribbon-ms</Extensions>
    </Filter>
    <Filter Include="Engine">
      <UniqueIdentifier>{e7a943de-8979-4e4f-9ca0-b9a75744a3c7}</UniqueIdentifier>
    </Filter>
    <Filter Include="Engine\Headers">
      <UniqueIdentifier>{b451296f-2863-40ae-aa2d-487b6555daa1}</UniqueIdentifier>
    </Filter>
    <Filter Include="Engine\Source">
      <UniqueIdentifier>{0a004e27-49c6-4d15-babe-005522cb6ea6}</UniqueIdentifier>
    </Filter>
    <Filter Include="Game">
      <UniqueIdentifier>{b558e4e5-b7fb-4503-aaba-941abf71ddc1}</UniqueIdentifier>
    </Filter>
    <Filter Include="Game\States">
      <UniqueIdentifier>{5dc56eac-3211-4b3a-b742-bbb62027f139}</UniqueIdentifier>
    </Filter>
    <Filter Include="Game\States\Headers">
      <UniqueIdentifier>{5b2da8be-ac78-4216-8d10-df1f6e2c40d9}</UniqueIdentifier>
    </Filter>
    <Filter Include="Game\States\Source">
      <UniqueIdentifier>{5f3d9e9a-5a2c-44fe-b4e5-905c84ac0d9a}</UniqueIdentifier>
    </Filter>
    <Filter Include="Game\Main Files">
      <UniqueIdentifier>{670f5ae9-a05d-4ca8-aef4-aa13ab07dd53}</UniqueIdentifier>
    </Filter>
    <Filter Include="Game\Main Files\Header Files">
      <UniqueIdentifier>{93995380-89BD-4b04-88EB-625FBE52EBFB}</UniqueIdentifier>
      <Extensions>h;hh;hpp;hxx;hm;inl;inc;xsd</Extensions>
    </Filter>
    <Filter Include="Game\Main Files\Source Files">
      <UniqueIdentifier>{4FC737F1-C7A5-4376-A066-2A32D752A2FF}</UniqueIdentifier>
      <Extensions>cpp;c;cc;cxx;def;odl;idl;hpj;bat;asm;asmx</Extensions>
    </Filter>
    <Filter Include="Game\Misc">
      <UniqueIdentifier>{de8ade9a-8c58-483d-a2e9-991bea7d6d92}</UniqueIdentifier>
    </Filter>
    <Filter Include="Game\Misc\Headers">
      <UniqueIdentifier>{6e451bee-275c-4db0-a116-f143606dc2e0}</UniqueIdentifier>
    </Filter>
    <Filter Include="Game\Misc\Source">
      <UniqueIdentifier>{29ea51ad-77f7-42da-84ee-b8a188d6312c}</UniqueIdentifier>
    </Filter>
    <Filter Include="Game\States\Game States">
      <UniqueIdentifier>{d4158454-3387-4b7f-ae36-09b16418cc76}</UniqueIdentifier>
    </Filter>
  </ItemGroup>
  <ItemGroup>
    <Text Include="ReadMe.txt" />
  </ItemGroup>
  <ItemGroup>
    <ClInclude Include="stdafx.h">
      <Filter>Game\Main Files\Header Files</Filter>
    </ClInclude>
    <ClInclude Include="targetver.h">
      <Filter>Game\Main Files\Header Files</Filter>
    </ClInclude>
    <ClInclude Include="AssetManager.h">
      <Filter>Engine\Headers</Filter>
    </ClInclude>
    <ClInclude Include="Game.h">
      <Filter>Engine\Headers</Filter>
    </ClInclude>
    <ClInclude Include="InputManager.h">
      <Filter>Engine\Headers</Filter>
    </ClInclude>
    <ClInclude Include="State.h">
      <Filter>Engine\Headers</Filter>
    </ClInclude>
    <ClInclude Include="StateMachine.h">
      <Filter>Engine\Headers</Filter>
    </ClInclude>
    <ClInclude Include="Config.h">
      <Filter>Engine\Headers</Filter>
    </ClInclude>
    <ClInclude Include="Defines.h">
      <Filter>Game\Main Files\Header Files</Filter>
    </ClInclude>
    <ClInclude Include="SplashState.h">
      <Filter>Game\States\Headers</Filter>
    </ClInclude>
    <ClInclude Include="MainMenuState.h">
      <Filter>Game\States\Headers</Filter>
    </ClInclude>
    <ClInclude Include="TextButton.h">
      <Filter>Game\Misc\Headers</Filter>
    </ClInclude>
    <ClInclude Include="SubState.h">
      <Filter>Engine\Headers</Filter>
    </ClInclude>
    <ClInclude Include="GameState.h">
      <Filter>Game\States\Headers</Filter>
    </ClInclude>
    <ClInclude Include="WorldMap.h">
      <Filter>Game\States\Game States</Filter>
    </ClInclude>
    <ClInclude Include="TileDataBoxState.h">
      <Filter>Game\States\Game States</Filter>
    </ClInclude>
    <ClInclude Include="HUD.h">
      <Filter>Game\States\Headers</Filter>
    </ClInclude>
  </ItemGroup>
  <ItemGroup>
    <ClCompile Include="stdafx.cpp">
      <Filter>Game\Main Files\Source Files</Filter>
    </ClCompile>
    <ClCompile Include="StrategyProject.cpp">
      <Filter>Game\Main Files\Source Files</Filter>
    </ClCompile>
    <ClCompile Include="AssetManager.cpp">
      <Filter>Engine\Source</Filter>
    </ClCompile>
    <ClCompile Include="Game.cpp">
      <Filter>Engine\Source</Filter>
    </ClCompile>
    <ClCompile Include="InputManager.cpp">
      <Filter>Engine\Source</Filter>
    </ClCompile>
    <ClCompile Include="StateMachine.cpp">
      <Filter>Engine\Source</Filter>
    </ClCompile>
    <ClCompile Include="SplashState.cpp">
      <Filter>Game\States\Source</Filter>
    </ClCompile>
    <ClCompile Include="MainMenuState.cpp">
      <Filter>Game\States\Source</Filter>
    </ClCompile>
    <ClCompile Include="TextButton.cpp">
      <Filter>Game\Misc\Source</Filter>
    </ClCompile>
    <ClCompile Include="GameState.cpp">
      <Filter>Game\States\Source</Filter>
    </ClCompile>
    <ClCompile Include="WorldMap.cpp">
      <Filter>Game\States\Game States</Filter>
    </ClCompile>
    <ClCompile Include="TileDataBoxState.cpp">
      <Filter>Game\States\Game States</Filter>
    </ClCompile>
    <ClCompile Include="HUD.cpp">
      <Filter>Game\States\Source</Filter>
    </ClCompile>
  </ItemGroup>
</Project>